
Microsoft Visual Studio Solution File, Format Version 12.00
# Visual Studio 15
VisualStudioVersion = 15.0.27703.2035
MinimumVisualStudioVersion = 10.0.40219.1
Project("{FAE04EC0-301F-11D3-BF4B-00C04F79EFBC}") = "Interface", "GameInterface\Interface.csproj", "{1D2E0869-2DFA-4ACB-AF80-347AA3E785B2}"
EndProject
Project("{FAE04EC0-301F-11D3-BF4B-00C04F79EFBC}") = "Engine1", "Engine1\Engine1.csproj", "{40B94DDA-265F-495C-9FA3-FABB5C981F59}"
EndProject
Global
	GlobalSection(SolutionConfigurationPlatforms) = preSolution
		Debug|Any CPU = Debug|Any CPU
		Release|Any CPU = Release|Any CPU
	EndGlobalSection
	GlobalSection(ProjectConfigurationPlatforms) = postSolution
		{1D2E0869-2DFA-4ACB-AF80-347AA3E785B2}.Debug|Any CPU.ActiveCfg = Debug|Any CPU
		{1D2E0869-2DFA-4ACB-AF80-347AA3E785B2}.Debug|Any CPU.Build.0 = Debug|Any CPU
		{1D2E0869-2DFA-4ACB-AF80-347AA3E785B2}.Release|Any CPU.ActiveCfg = Release|Any CPU
		{1D2E0869-2DFA-4ACB-AF80-347AA3E785B2}.Release|Any CPU.Build.0 = Release|Any CPU
		{40B94DDA-265F-495C-9FA3-FABB5C981F59}.Debug|Any CPU.ActiveCfg = Debug|Any CPU
		{40B94DDA-265F-495C-9FA3-FABB5C981F59}.Debug|Any CPU.Build.0 = Debug|Any CPU
		{40B94DDA-265F-495C-9FA3-FABB5C981F59}.Release|Any CPU.ActiveCfg = Release|Any CPU
		{40B94DDA-265F-495C-9FA3-FABB5C981F59}.Release|Any CPU.Build.0 = Release|Any CPU
	EndGlobalSection
	GlobalSection(SolutionProperties) = preSolution
		HideSolutionNode = FALSE
	EndGlobalSection
	GlobalSection(ExtensibilityGlobals) = postSolution
		SolutionGuid = {0EBEECAE-8A5C-47B1-8C8E-7320B969A0A6}
	EndGlobalSection
EndGlobal
